// !$*UTF8*$!
{
	archiveVersion = 1;
	classes = {
	};
	objectVersion = 46;
	objects = {

/* Begin PBXBuildFile section */
		F66B9E941B1544DF004C9E4A /* AppDelegate.swift in Sources */ = {isa = PBXBuildFile; fileRef = F66B9E931B1544DF004C9E4A /* AppDelegate.swift */; };
		F66B9E961B1544DF004C9E4A /* ViewController.swift in Sources */ = {isa = PBXBuildFile; fileRef = F66B9E951B1544DF004C9E4A /* ViewController.swift */; };
		F66B9E981B1544DF004C9E4A /* Images.xcassets in Resources */ = {isa = PBXBuildFile; fileRef = F66B9E971B1544DF004C9E4A /* Images.xcassets */; };
		F66B9E9B1B1544DF004C9E4A /* Main.storyboard in Resources */ = {isa = PBXBuildFile; fileRef = F66B9E991B1544DF004C9E4A /* Main.storyboard */; };
		F66B9EA71B1544DF004C9E4A /* test_swiftTests.swift in Sources */ = {isa = PBXBuildFile; fileRef = F66B9EA61B1544DF004C9E4A /* test_swiftTests.swift */; };
/* End PBXBuildFile section */

/* Begin PBXContainerItemProxy section */
		F66B9EA11B1544DF004C9E4A /* PBXContainerItemProxy */ = {
			isa = PBXContainerItemProxy;
			containerPortal = F66B9E861B1544DF004C9E4A /* Project object */;
			proxyType = 1;
			remoteGlobalIDString = F66B9E8D1B1544DF004C9E4A;
			remoteInfo = test_swift;
		};
/* End PBXContainerItemProxy section */

/* Begin PBXFileReference section */
		F66B9E8E1B1544DF004C9E4A /* test_swift.app */ = {isa = PBXFileReference; explicitFileType = wrapper.application; includeInIndex = 0; path = test_swift.app; sourceTree = BUILT_PRODUCTS_DIR; };
		F66B9E921B1544DF004C9E4A /* Info.plist */ = {isa = PBXFileReference; lastKnownFileType = text.plist.xml; path = Info.plist; sourceTree = "<group>"; };
		F66B9E931B1544DF004C9E4A /* AppDelegate.swift */ = {isa = PBXFileReference; lastKnownFileType = sourcecode.swift; path = AppDelegate.swift; sourceTree = "<group>"; };
		F66B9E951B1544DF004C9E4A /* ViewController.swift */ = {isa = PBXFileReference; lastKnownFileType = sourcecode.swift; path = ViewController.swift; sourceTree = "<group>"; };
		F66B9E971B1544DF004C9E4A /* Images.xcassets */ = {isa = PBXFileReference; lastKnownFileType = folder.assetcatalog; path = Images.xcassets; sourceTree = "<group>"; };
		F66B9E9A1B1544DF004C9E4A /* Base */ = {isa = PBXFileReference; lastKnownFileType = file.storyboard; name = Base; path = Base.lproj/Main.storyboard; sourceTree = "<group>"; };
		F66B9EA01B1544DF004C9E4A /* test_swiftTests.xctest */ = {isa = PBXFileReference; explicitFileType = wrapper.cfbundle; includeInIndex = 0; path = test_swiftTests.xctest; sourceTree = BUILT_PRODUCTS_DIR; };
		F66B9EA51B1544DF004C9E4A /* Info.plist */ = {isa = PBXFileReference; lastKnownFileType = text.plist.xml; path = Info.plist; sourceTree = "<group>"; };
		F66B9EA61B1544DF004C9E4A /* test_swiftTests.swift */ = {isa = PBXFileReference; lastKnownFileType = sourcecode.swift; path = test_swiftTests.swift; sourceTree = "<group>"; };
/* End PBXFileReference section */

/* Begin PBXFrameworksBuildPhase section */
		F66B9E8B1B1544DF004C9E4A /* Frameworks */ = {
			isa = PBXFrameworksBuildPhase;
			buildActionMask = 2147483647;
			files = (
			);
			runOnlyForDeploymentPostprocessing = 0;
		};
		F66B9E9D1B1544DF004C9E4A /* Frameworks */ = {
			isa = PBXFrameworksBuildPhase;
			buildActionMask = 2147483647;
			files = (
			);
			runOnlyForDeploymentPostprocessing = 0;
		};
/* End PBXFrameworksBuildPhase section */

/* Begin PBXGroup section */
		F66B9E851B1544DF004C9E4A = {
			isa = PBXGroup;
			children = (
				F66B9E901B1544DF004C9E4A /* test_swift */,
				F66B9EA31B1544DF004C9E4A /* test_swiftTests */,
				F66B9E8F1B1544DF004C9E4A /* Products */,
			);
			sourceTree = "<group>";
		};
		F66B9E8F1B1544DF004C9E4A /* Products */ = {
			isa = PBXGroup;
			children = (
				F66B9E8E1B1544DF004C9E4A /* test_swift.app */,
				F66B9EA01B1544DF004C9E4A /* test_swiftTests.xctest */,
			);
			name = Products;
			sourceTree = "<group>";
		};
		F66B9E901B1544DF004C9E4A /* test_swift */ = {
			isa = PBXGroup;
			children = (
				F66B9E931B1544DF004C9E4A /* AppDelegate.swift */,
				F66B9E951B1544DF004C9E4A /* ViewController.swift */,
				F66B9E971B1544DF004C9E4A /* Images.xcassets */,
				F66B9E991B1544DF004C9E4A /* Main.storyboard */,
				F66B9E911B1544DF004C9E4A /* Supporting Files */,
			);
			path = test_swift;
			sourceTree = "<group>";
		};
		F66B9E911B1544DF004C9E4A /* Supporting Files */ = {
			isa = PBXGroup;
			children = (
				F66B9E921B1544DF004C9E4A /* Info.plist */,
			);
			name = "Supporting Files";
			sourceTree = "<group>";
		};
		F66B9EA31B1544DF004C9E4A /* test_swiftTests */ = {
			isa = PBXGroup;
			children = (
				F66B9EA61B1544DF004C9E4A /* test_swiftTests.swift */,
				F66B9EA41B1544DF004C9E4A /* Supporting Files */,
			);
			path = test_swiftTests;
			sourceTree = "<group>";
		};
		F66B9EA41B1544DF004C9E4A /* Supporting Files */ = {
			isa = PBXGroup;
			children = (
				F66B9EA51B1544DF004C9E4A /* Info.plist */,
			);
			name = "Supporting Files";
			sourceTree = "<group>";
		};
/* End PBXGroup section */

/* Begin PBXNativeTarget section */
		F66B9E8D1B1544DF004C9E4A /* test_swift */ = {
			isa = PBXNativeTarget;
			buildConfigurationList = F66B9EAA1B1544DF004C9E4A /* Build configuration list for PBXNativeTarget "test_swift" */;
			buildPhases = (
				F66B9E8A1B1544DF004C9E4A /* Sources */,
				F66B9E8B1B1544DF004C9E4A /* Frameworks */,
				F66B9E8C1B1544DF004C9E4A /* Resources */,
			);
			buildRules = (
			);
			dependencies = (
			);
			name = test_swift;
			productName = test_swift;
			productReference = F66B9E8E1B1544DF004C9E4A /* test_swift.app */;
			productType = "com.apple.product-type.application";
		};
		F66B9E9F1B1544DF004C9E4A /* test_swiftTests */ = {
			isa = PBXNativeTarget;
			buildConfigurationList = F66B9EAD1B1544DF004C9E4A /* Build configuration list for PBXNativeTarget "test_swiftTests" */;
			buildPhases = (
				F66B9E9C1B1544DF004C9E4A /* Sources */,
				F66B9E9D1B1544DF004C9E4A /* Frameworks */,
				F66B9E9E1B1544DF004C9E4A /* Resources */,
			);
			buildRules = (
			);
			dependencies = (
				F66B9EA21B1544DF004C9E4A /* PBXTargetDependency */,
			);
			name = test_swiftTests;
			productName = test_swiftTests;
			productReference = F66B9EA01B1544DF004C9E4A /* test_swiftTests.xctest */;
			productType = "com.apple.product-type.bundle.unit-test";
		};
/* End PBXNativeTarget section */

/* Begin PBXProject section */
		F66B9E861B1544DF004C9E4A /* Project object */ = {
			isa = PBXProject;
			attributes = {
				LastUpgradeCheck = 0630;
				ORGANIZATIONNAME = "Zhitao Chen";
				TargetAttributes = {
					F66B9E8D1B1544DF004C9E4A = {
						CreatedOnToolsVersion = 6.3.2;
					};
					F66B9E9F1B1544DF004C9E4A = {
						CreatedOnToolsVersion = 6.3.2;
						TestTargetID = F66B9E8D1B1544DF004C9E4A;
					};
				};
			};
			buildConfigurationList = F66B9E891B1544DF004C9E4A /* Build configuration list for PBXProject "test_swift" */;
			compatibilityVersion = "Xcode 3.2";
			developmentRegion = English;
			hasScannedForEncodings = 0;
			knownRegions = (
				en,
				Base,
			);
			mainGroup = F66B9E851B1544DF004C9E4A;
			productRefGroup = F66B9E8F1B1544DF004C9E4A /* Products */;
			projectDirPath = "";
			projectRoot = "";
			targets = (
				F66B9E8D1B1544DF004C9E4A /* test_swift */,
				F66B9E9F1B1544DF004C9E4A /* test_swiftTests */,
			);
		};
/* End PBXProject section */

/* Begin PBXResourcesBuildPhase section */
		F66B9E8C1B1544DF004C9E4A /* Resources */ = {
			isa = PBXResourcesBuildPhase;
			buildActionMask = 2147483647;
			files = (
				F66B9E981B1544DF004C9E4A /* Images.xcassets in Resources */,
				F66B9E9B1B1544DF004C9E4A /* Main.storyboard in Resources */,
			);
			runOnlyForDeploymentPostprocessing = 0;
		};
		F66B9E9E1B1544DF004C9E4A /* Resources */ = {
			isa = PBXResourcesBuildPhase;
			buildActionMask = 2147483647;
			files = (
			);
			runOnlyForDeploymentPostprocessing = 0;
		};
/* End PBXResourcesBuildPhase section */

/* Begin PBXSourcesBuildPhase section */
		F66B9E8A1B1544DF004C9E4A /* Sources */ = {
			isa = PBXSourcesBuildPhase;
			buildActionMask = 2147483647;
			files = (
				F66B9E961B1544DF004C9E4A /* ViewController.swift in Sources */,
				F66B9E941B1544DF004C9E4A /* AppDelegate.swift in Sources */,
			);
			runOnlyForDeploymentPostprocessing = 0;
		};
		F66B9E9C1B1544DF004C9E4A /* Sources */ = {
			isa = PBXSourcesBuildPhase;
			buildActionMask = 2147483647;
			files = (
				F66B9EA71B1544DF004C9E4A /* test_swiftTests.swift in Sources */,
			);
			runOnlyForDeploymentPostprocessing = 0;
		};
/* End PBXSourcesBuildPhase section */

/* Begin PBXTargetDependency section */
		F66B9EA21B1544DF004C9E4A /* PBXTargetDependency */ = {
			isa = PBXTargetDependency;
			target = F66B9E8D1B1544DF004C9E4A /* test_swift */;
			targetProxy = F66B9EA11B1544DF004C9E4A /* PBXContainerItemProxy */;
		};
/* End PBXTargetDependency section */

/* Begin PBXVariantGroup section */
		F66B9E991B1544DF004C9E4A /* Main.storyboard */ = {
			isa = PBXVariantGroup;
			children = (
				F66B9E9A1B1544DF004C9E4A /* Base */,
			);
			name = Main.storyboard;
			sourceTree = "<group>";
		};
/* End PBXVariantGroup section */

/* Begin XCBuildConfiguration section */
		F66B9EA81B1544DF004C9E4A /* Debug */ = {
			isa = XCBuildConfiguration;
			buildSettings = {
				ALWAYS_SEARCH_USER_PATHS = NO;
				CLANG_CXX_LANGUAGE_STANDARD = "gnu++0x";
				CLANG_CXX_LIBRARY = "libc++";
				CLANG_ENABLE_MODULES = YES;
				CLANG_ENABLE_OBJC_ARC = YES;
				CLANG_WARN_BOOL_CONVERSION = YES;
				CLANG_WARN_CONSTANT_CONVERSION = YES;
				CLANG_WARN_DIRECT_OBJC_ISA_USAGE = YES_ERROR;
				CLANG_WARN_EMPTY_BODY = YES;
				CLANG_WARN_ENUM_CONVERSION = YES;
				CLANG_WARN_INT_CONVERSION = YES;
				CLANG_WARN_OBJC_ROOT_CLASS = YES_ERROR;
				CLANG_WARN_UNREACHABLE_CODE = YES;
				CLANG_WARN__DUPLICATE_METHOD_MATCH = YES;
				CODE_SIGN_IDENTITY = "-";
				COPY_PHASE_STRIP = NO;
				DEBUG_INFORMATION_FORMAT = dwarf;
				ENABLE_STRICT_OBJC_MSGSEND = YES;
				GCC_C_LANGUAGE_STANDARD = gnu99;
				GCC_DYNAMIC_NO_PIC = NO;
				GCC_NO_COMMON_BLOCKS = YES;
				GCC_OPTIMIZATION_LEVEL = 0;
				GCC_PREPROCESSOR_DEFINITIONS = (
					"DEBUG=1",
					"$(inherited)",
				);
				GCC_SYMBOLS_PRIVATE_EXTERN = NO;
				GCC_WARN_64_TO_32_BIT_CONVERSION = YES;
				GCC_WARN_ABOUT_RETURN_TYPE = YES_ERROR;
				GCC_WARN_UNDECLARED_SELECTOR = YES;
				GCC_WARN_UNINITIALIZED_AUTOS = YES_AGGRESSIVE;
				GCC_WARN_UNUSED_FUNCTION = YES;
				GCC_WARN_UNUSED_VARIABLE = YES;
				MACOSX_DEPLOYMENT_TARGET = 10.10;
				MTL_ENABLE_DEBUG_INFO = YES;
				ONLY_ACTIVE_ARCH = YES;
				SDKROOT = macosx;
				SWIFT_OPTIMIZATION_LEVEL = "-Onone";
			};
			name = Debug;
		};
		F66B9EA91B1544DF004C9E4A /* Release */ = {
			isa = XCBuildConfiguration;
			buildSettings = {
				ALWAYS_SEARCH_USER_PATHS = NO;
				CLANG_CXX_LANGUAGE_STANDARD = "gnu++0x";
				CLANG_CXX_LIBRARY = "libc++";
				CLANG_ENABLE_MODULES = YES;
				CLANG_ENABLE_OBJC_ARC = YES;
				CLANG_WARN_BOOL_CONVERSION = YES;
				CLANG_WARN_CONSTANT_CONVERSION = YES;
				CLANG_WARN_DIRECT_OBJC_ISA_USAGE = YES_ERROR;
				CLANG_WARN_EMPTY_BODY = YES;
				CLANG_WARN_ENUM_CONVERSION = YES;
				CLANG_WARN_INT_CONVERSION = YES;
				CLANG_WARN_OBJC_ROOT_CLASS = YES_ERROR;
				CLANG_WARN_UNREACHABLE_CODE = YES;
				CLANG_WARN__DUPLICATE_METHOD_MATCH = YES;
				CODE_SIGN_IDENTITY = "-";
				COPY_PHASE_STRIP = NO;
				DEBUG_INFORMATION_FORMAT = "dwarf-with-dsym";
				ENABLE_NS_ASSERTIONS = NO;
				ENABLE_STRICT_OBJC_MSGSEND = YES;
				GCC_C_LANGUAGE_STANDARD = gnu99;
				GCC_NO_COMMON_BLOCKS = YES;
				GCC_WARN_64_TO_32_BIT_CONVERSION = YES;
				GCC_WARN_ABOUT_RETURN_TYPE = YES_ERROR;
				GCC_WARN_UNDECLARED_SELECTOR = YES;
				GCC_WARN_UNINITIALIZED_AUTOS = YES_AGGRESSIVE;
				GCC_WARN_UNUSED_FUNCTION = YES;
				GCC_WARN_UNUSED_VARIABLE = YES;
				MACOSX_DEPLOYMENT_TARGET = 10.10;
				MTL_ENABLE_DEBUG_INFO = NO;
				SDKROOT = macosx;
			};
			name = Release;
		};
		F66B9EAB1B1544DF004C9E4A /* Debug */ = {
			isa = XCBuildConfiguration;
			buildSettings = {
				ASSETCATALOG_COMPILER_APPICON_NAME = AppIcon;
				COMBINE_HIDPI_IMAGES = YES;
				INFOPLIST_FILE = test_swift/Info.plist;
				LD_RUNPATH_SEARCH_PATHS = "$(inherited) @executable_path/../Frameworks";
				PRODUCT_NAME = "$(TARGET_NAME)";
			};
			name = Debug;
		};
		F66B9EAC1B1544DF004C9E4A /* Release */ = {
			isa = XCBuildConfiguration;
			buildSettings = {
				ASSETCATALOG_COMPILER_APPICON_NAME = AppIcon;
				COMBINE_HIDPI_IMAGES = YES;
				INFOPLIST_FILE = test_swift/Info.plist;
				LD_RUNPATH_SEARCH_PATHS = "$(inherited) @executable_path/../Frameworks";
				PRODUCT_NAME = "$(TARGET_NAME)";
			};
			name = Release;
		};
		F66B9EAE1B1544DF004C9E4A /* Debug */ = {
			isa = XCBuildConfiguration;
			buildSettings = {
				BUNDLE_LOADER = "$(TEST_HOST)";
				COMBINE_HIDPI_IMAGES = YES;
				FRAMEWORK_SEARCH_PATHS = (
					"$(DEVELOPER_FRAMEWORKS_DIR)",
					"$(inherited)",
				);
				GCC_PREPROCESSOR_DEFINITIONS = (
					"DEBUG=1",
					"$(inherited)",
				);
				INFOPLIST_FILE = test_swiftTests/Info.plist;
				LD_RUNPATH_SEARCH_PATHS = "$(inherited) @executable_path/../Frameworks @loader_path/../Frameworks";
				PRODUCT_NAME = "$(TARGET_NAME)";
				TEST_HOST = "$(BUILT_PRODUCTS_DIR)/test_swift.app/Contents/MacOS/test_swift";
			};
			name = Debug;
		};
		F66B9EAF1B1544DF004C9E4A /* Release */ = {
			isa = XCBuildConfiguration;
			buildSettings = {
				BUNDLE_LOADER = "$(TEST_HOST)";
				COMBINE_HIDPI_IMAGES = YES;
				FRAMEWORK_SEARCH_PATHS = (
					"$(DEVELOPER_FRAMEWORKS_DIR)",
					"$(inherited)",
				);
				INFOPLIST_FILE = test_swiftTests/Info.plist;
				LD_RUNPATH_SEARCH_PATHS = "$(inherited) @executable_path/../Frameworks @loader_path/../Frameworks";
				PRODUCT_NAME = "$(TARGET_NAME)";
				TEST_HOST = "$(BUILT_PRODUCTS_DIR)/test_swift.app/Contents/MacOS/test_swift";
			};
			name = Release;
		};
/* End XCBuildConfiguration section */

/* Begin XCConfigurationList section */
		F66B9E891B1544DF004C9E4A /* Build configuration list for PBXProject "test_swift" */ = {
			isa = XCConfigurationList;
			buildConfigurations = (
				F66B9EA81B1544DF004C9E4A /* Debug */,
				F66B9EA91B1544DF004C9E4A /* Release */,
			);
			defaultConfigurationIsVisible = 0;
			defaultConfigurationName = Release;
		};
		F66B9EAA1B1544DF004C9E4A /* Build configuration list for PBXNativeTarget "test_swift" */ = {
			isa = XCConfigurationList;
			buildConfigurations = (
				F66B9EAB1B1544DF004C9E4A /* Debug */,
				F66B9EAC1B1544DF004C9E4A /* Release */,
			);
			defaultConfigurationIsVisible = 0;
		};
		F66B9EAD1B1544DF004C9E4A /* Build configuration list for PBXNativeTarget "test_swiftTests" */ = {
			isa = XCConfigurationList;
			buildConfigurations = (
				F66B9EAE1B1544DF004C9E4A /* Debug */,
				F66B9EAF1B1544DF004C9E4A /* Release */,
			);
			defaultConfigurationIsVisible = 0;
		};
/* End XCConfigurationList section */
	};
	rootObject = F66B9E861B1544DF004C9E4A /* Project object */;
}
